<Solution>
  <Folder Name="/Solution Items/">
    <File Path=".editorconfig" />
    <File Path=".gitignore" />
    <File Path="Directory.Build.props" />
    <File Path="Directory.Packages.props" />
    <File Path="dotnet-tools.json" />
    <File Path="global.json" />
    <File Path="nuget.config" />
    <File Path="README.md" />
  </Folder>
  <Folder Name="/src/">
    <Project Path="src/ScrumPoker.API/ScrumPoker.API.csproj" />
    <Project Path="src/ScrumPoker.AppHost/ScrumPoker.AppHost.csproj" Id="74ef92ad-ac45-4944-97ea-6d5e0fb699da" />
    <Project Path="src/ScrumPoker.Application/ScrumPoker.Application.csproj" />
    <Project Path="src/ScrumPoker.Domain/ScrumPoker.Domain.csproj" />
    <Project Path="src/ScrumPoker.Infrastructure/ScrumPoker.Infrastructure.csproj" />
    <Project Path="src/ScrumPoker.Persistence/ScrumPoker.Persistence.csproj" />
    <Project Path="src/ScrumPoker.ServiceDefaults/ScrumPoker.ServiceDefaults.csproj" />
  </Folder>
  <Folder Name="/tests/">
    <Project Path="tests/ScrumPoker.API.UnitTests/ScrumPoker.API.UnitTests.csproj" />
    <Project Path="tests/ScrumPoker.AppHost.IntegrationTests/ScrumPoker.AppHost.IntegrationTests.csproj" />
    <Project Path="tests/ScrumPoker.Application.UnitTests/ScrumPoker.Application.UnitTests.csproj" />
    <Project Path="tests/ScrumPoker.Domain.UnitTests/ScrumPoker.Domain.UnitTests.csproj" />
  </Folder>
</Solution>
